Microsoft Visual Studio Solution File, Format Version 12.00
# Visual Studio 2012
Project("{FAE04EC0-301F-11D3-BF4B-00C04F79EFBC}") = "Ice In Fire", "Ice In Fire.csproj", "{44C75C8D-0D5B-4C1A-A273-B85C536B3682}"
EndProject
Global
	GlobalSection(SolutionConfigurationPlatforms) = preSolution
	Debug|Any CPU = Debug|Any CPU
	ExportDebug|Any CPU = ExportDebug|Any CPU
	ExportRelease|Any CPU = ExportRelease|Any CPU
	EndGlobalSection
	GlobalSection(ProjectConfigurationPlatforms) = postSolution
		{44C75C8D-0D5B-4C1A-A273-B85C536B3682}.Debug|Any CPU.ActiveCfg = Debug|Any CPU
		{44C75C8D-0D5B-4C1A-A273-B85C536B3682}.Debug|Any CPU.Build.0 = Debug|Any CPU
		{44C75C8D-0D5B-4C1A-A273-B85C536B3682}.ExportDebug|Any CPU.ActiveCfg = ExportDebug|Any CPU
		{44C75C8D-0D5B-4C1A-A273-B85C536B3682}.ExportDebug|Any CPU.Build.0 = ExportDebug|Any CPU
		{44C75C8D-0D5B-4C1A-A273-B85C536B3682}.ExportRelease|Any CPU.ActiveCfg = ExportRelease|Any CPU
		{44C75C8D-0D5B-4C1A-A273-B85C536B3682}.ExportRelease|Any CPU.Build.0 = ExportRelease|Any CPU
	EndGlobalSection
EndGlobal
